
Microsoft Visual Studio Solution File, Format Version 12.00
# Visual Studio Version 16
VisualStudioVersion = 16.0.29613.14
MinimumVisualStudioVersion = 10.0.40219.1
Project("{FAE04EC0-301F-11D3-BF4B-00C04F79EFBC}") = "XamarinAndroidBLENotifyTest", "XamarinAndroidBLENotifyTest\XamarinAndroidBLENotifyTest.csproj", "{1E13267E-16C7-4C09-AD3B-CF4A68DD78F2}"
EndProject
Global
	GlobalSection(SolutionConfigurationPlatforms) = preSolution
		Debug|Any CPU = Debug|Any CPU
		Release|Any CPU = Release|Any CPU
	EndGlobalSection
	GlobalSection(ProjectConfigurationPlatforms) = postSolution
		{1E13267E-16C7-4C09-AD3B-CF4A68DD78F2}.Debug|Any CPU.ActiveCfg = Debug|Any CPU
		{1E13267E-16C7-4C09-AD3B-CF4A68DD78F2}.Debug|Any CPU.Build.0 = Debug|Any CPU
		{1E13267E-16C7-4C09-AD3B-CF4A68DD78F2}.Debug|Any CPU.Deploy.0 = Debug|Any CPU
		{1E13267E-16C7-4C09-AD3B-CF4A68DD78F2}.Release|Any CPU.ActiveCfg = Release|Any CPU
		{1E13267E-16C7-4C09-AD3B-CF4A68DD78F2}.Release|Any CPU.Build.0 = Release|Any CPU
		{1E13267E-16C7-4C09-AD3B-CF4A68DD78F2}.Release|Any CPU.Deploy.0 = Release|Any CPU
	EndGlobalSection
	GlobalSection(SolutionProperties) = preSolution
		HideSolutionNode = FALSE
	EndGlobalSection
	GlobalSection(ExtensibilityGlobals) = postSolution
		SolutionGuid = {4A98CCCE-FDB2-46EC-9B9D-002811AB22DD}
	EndGlobalSection
EndGlobal
